
Microsoft Visual Studio Solution File, Format Version 12.00
# Visual Studio 15
VisualStudioVersion = 15.0.28307.438
MinimumVisualStudioVersion = 10.0.40219.1
Project("{FAE04EC0-301F-11D3-BF4B-00C04F79EFBC}") = "CodeFirstExample", "CodeFirstExample\CodeFirstExample.csproj", "{16F5628F-04DB-4954-B601-3AAE63BB8300}"
EndProject
Global
	GlobalSection(SolutionConfigurationPlatforms) = preSolution
		Debug|Any CPU = Debug|Any CPU
		Release|Any CPU = Release|Any CPU
	EndGlobalSection
	GlobalSection(ProjectConfigurationPlatforms) = postSolution
		{16F5628F-04DB-4954-B601-3AAE63BB8300}.Debug|Any CPU.ActiveCfg = Debug|Any CPU
		{16F5628F-04DB-4954-B601-3AAE63BB8300}.Debug|Any CPU.Build.0 = Debug|Any CPU
		{16F5628F-04DB-4954-B601-3AAE63BB8300}.Release|Any CPU.ActiveCfg = Release|Any CPU
		{16F5628F-04DB-4954-B601-3AAE63BB8300}.Release|Any CPU.Build.0 = Release|Any CPU
	EndGlobalSection
	GlobalSection(SolutionProperties) = preSolution
		HideSolutionNode = FALSE
	EndGlobalSection
	GlobalSection(ExtensibilityGlobals) = postSolution
		SolutionGuid = {CDCFB088-0409-4656-934A-12C0E0A7F147}
	EndGlobalSection
EndGlobal
